
Microsoft Visual Studio Solution File, Format Version 12.00
# Visual Studio 15
VisualStudioVersion = 15.0.26228.12
MinimumVisualStudioVersion = 10.0.40219.1
Project("{FAE04EC0-301F-11D3-BF4B-00C04F79EFBC}") = "Cours_8", "Cours_8\Cours_8.csproj", "{87456576-C05F-4699-B771-A080E83D986C}"
EndProject
Project("{FAE04EC0-301F-11D3-BF4B-00C04F79EFBC}") = "CommandsService", "CommandsService\CommandsService.csproj", "{F230FD34-D022-4A1C-B758-B27DE9B54E3B}"
EndProject
Global
	GlobalSection(SolutionConfigurationPlatforms) = preSolution
		Debug|Any CPU = Debug|Any CPU
		Release|Any CPU = Release|Any CPU
	EndGlobalSection
	GlobalSection(ProjectConfigurationPlatforms) = postSolution
		{87456576-C05F-4699-B771-A080E83D986C}.Debug|Any CPU.ActiveCfg = Debug|Any CPU
		{87456576-C05F-4699-B771-A080E83D986C}.Debug|Any CPU.Build.0 = Debug|Any CPU
		{87456576-C05F-4699-B771-A080E83D986C}.Release|Any CPU.ActiveCfg = Release|Any CPU
		{87456576-C05F-4699-B771-A080E83D986C}.Release|Any CPU.Build.0 = Release|Any CPU
		{F230FD34-D022-4A1C-B758-B27DE9B54E3B}.Debug|Any CPU.ActiveCfg = Debug|Any CPU
		{F230FD34-D022-4A1C-B758-B27DE9B54E3B}.Debug|Any CPU.Build.0 = Debug|Any CPU
		{F230FD34-D022-4A1C-B758-B27DE9B54E3B}.Release|Any CPU.ActiveCfg = Release|Any CPU
		{F230FD34-D022-4A1C-B758-B27DE9B54E3B}.Release|Any CPU.Build.0 = Release|Any CPU
	EndGlobalSection
	GlobalSection(SolutionProperties) = preSolution
		HideSolutionNode = FALSE
	EndGlobalSection
EndGlobal
